{
  "lib/account-abstraction": {
    "tag": {
      "name": "v0.7.0",
      "rev": "7af70c8993a6f42973f520ae0752386a5032abe7"
    }
  },
  "lib/forge-std": {
    "tag": {
      "name": "v1.9.4",
      "rev": "1eea5bae12ae557d589f9f0f0edae2faa47cb262"
    }
  },
  "lib/openzeppelin-contracts": {
    "tag": {
      "name": "v5.1.0",
      "rev": "69c8def5f222ff96f2b5beff05dfba996368aa79"
    }
  },
  "lib/smart-wallet": {
    "tag": {
      "name": "v1.1.0",
      "rev": "a8c6456f3a6d5d2dea08d6336b3be13395cacd42"
    }
  },
  "lib/solady": {
    "tag": {
      "name": "v0.0.245",
      "rev": "e0ef35adb0ccd1032794731a995cb599bba7b537"
    }
  }
}